// !$*UTF8*$!
{
	archiveVersion = 1;
	classes = {
	};
	objectVersion = 46;
	objects = {

/* Begin PBXBuildFile section */
		402814A61C05B72500765D3F /* AudioToolbox.framework in Frameworks */ = {isa = PBXBuildFile; fileRef = 402814A51C05B72500765D3F /* AudioToolbox.framework */; };
		402814A81C05B72F00765D3F /* AVFoundation.framework in Frameworks */ = {isa = PBXBuildFile; fileRef = 402814A71C05B72F00765D3F /* AVFoundation.framework */; };
		402814AA1C05B74100765D3F /* AddressBook.framework in Frameworks */ = {isa = PBXBuildFile; fileRef = 402814A91C05B74100765D3F /* AddressBook.framework */; };
		402814AC1C05B8C200765D3F /* libz.1.dylib in Frameworks */ = {isa = PBXBuildFile; fileRef = 402814AB1C05B8C200765D3F /* libz.1.dylib */; };
		402814AE1C05B8F000765D3F /* libstdc++.6.0.9.dylib in Frameworks */ = {isa = PBXBuildFile; fileRef = 402814AD1C05B8F000765D3F /* libstdc++.6.0.9.dylib */; };
		402814B91C05CDB900765D3F /* AMapNaviKit.framework in Frameworks */ = {isa = PBXBuildFile; fileRef = 402814B71C05CDB900765D3F /* AMapNaviKit.framework */; };
		402814BA1C05CDB900765D3F /* iflyMSC.framework in Frameworks */ = {isa = PBXBuildFile; fileRef = 402814B81C05CDB900765D3F /* iflyMSC.framework */; };
		402814BD1C05CE0200765D3F /* AMap.bundle in Resources */ = {isa = PBXBuildFile; fileRef = 402814BB1C05CE0200765D3F /* AMap.bundle */; };
		402814BE1C05CE0200765D3F /* AMapNavi.bundle in Resources */ = {isa = PBXBuildFile; fileRef = 402814BC1C05CE0200765D3F /* AMapNavi.bundle */; };
		4061225D1C191F0A00EFE9F2 /* ic_nav.png in Resources */ = {isa = PBXBuildFile; fileRef = 4061225C1C191F0A00EFE9F2 /* ic_nav.png */; };
		406122611C1924F600EFE9F2 /* ChannelViewController.m in Sources */ = {isa = PBXBuildFile; fileRef = 406122601C1924F600EFE9F2 /* ChannelViewController.m */; };
		40A0F3DA1C0BF922005E5FCD /* DrawerLayout.m in Sources */ = {isa = PBXBuildFile; fileRef = 40A0F3D91C0BF922005E5FCD /* DrawerLayout.m */; };
		40A0F3E01C0BFE6E005E5FCD /* RouteViewController.m in Sources */ = {isa = PBXBuildFile; fileRef = 40A0F3DF1C0BFE6E005E5FCD /* RouteViewController.m */; };
		40A0F3E31C0C037E005E5FCD /* SharedMapView.m in Sources */ = {isa = PBXBuildFile; fileRef = 40A0F3E21C0C037E005E5FCD /* SharedMapView.m */; };
		40A0F3E61C0C2306005E5FCD /* NavPointAnnotation.m in Sources */ = {isa = PBXBuildFile; fileRef = 40A0F3E51C0C2306005E5FCD /* NavPointAnnotation.m */; };
		474B5C041C18161300E6770D /* DrawerContentConfig.m in Sources */ = {isa = PBXBuildFile; fileRef = 474B5C031C18161300E6770D /* DrawerContentConfig.m */; };
		474B5C061C18168200E6770D /* DrawerContent.xib in Resources */ = {isa = PBXBuildFile; fileRef = 474B5C051C18168200E6770D /* DrawerContent.xib */; };
		474B5C091C181AEF00E6770D /* UIView+Extend.m in Sources */ = {isa = PBXBuildFile; fileRef = 474B5C081C181AEF00E6770D /* UIView+Extend.m */; };
		474B5C0E1C1824B200E6770D /* DrawerContentView.m in Sources */ = {isa = PBXBuildFile; fileRef = 474B5C0D1C1824B200E6770D /* DrawerContentView.m */; };
		47EC91291C015B24008B69C8 /* main.m in Sources */ = {isa = PBXBuildFile; fileRef = 47EC91281C015B24008B69C8 /* main.m */; };
		47EC912C1C015B24008B69C8 /* AppDelegate.m in Sources */ = {isa = PBXBuildFile; fileRef = 47EC912B1C015B24008B69C8 /* AppDelegate.m */; };
		47EC91321C015B24008B69C8 /* Main.storyboard in Resources */ = {isa = PBXBuildFile; fileRef = 47EC91301C015B24008B69C8 /* Main.storyboard */; };
		47EC91351C015B24008B69C8 /* AiDuiJiang.xcdatamodeld in Sources */ = {isa = PBXBuildFile; fileRef = 47EC91331C015B24008B69C8 /* AiDuiJiang.xcdatamodeld */; };
		47EC91371C015B24008B69C8 /* Assets.xcassets in Resources */ = {isa = PBXBuildFile; fileRef = 47EC91361C015B24008B69C8 /* Assets.xcassets */; };
		47EC913A1C015B24008B69C8 /* LaunchScreen.storyboard in Resources */ = {isa = PBXBuildFile; fileRef = 47EC91381C015B24008B69C8 /* LaunchScreen.storyboard */; };
		47EC91451C015B24008B69C8 /* AiDuiJiangTests.m in Sources */ = {isa = PBXBuildFile; fileRef = 47EC91441C015B24008B69C8 /* AiDuiJiangTests.m */; };
		47EC91501C015B24008B69C8 /* AiDuiJiangUITests.m in Sources */ = {isa = PBXBuildFile; fileRef = 47EC914F1C015B24008B69C8 /* AiDuiJiangUITests.m */; };
		47EC915F1C015DAB008B69C8 /* MainViewController.m in Sources */ = {isa = PBXBuildFile; fileRef = 47EC915E1C015DAB008B69C8 /* MainViewController.m */; };
/* End PBXBuildFile section */

/* Begin PBXContainerItemProxy section */
		47EC91411C015B24008B69C8 /* PBXContainerItemProxy */ = {
			isa = PBXContainerItemProxy;
			containerPortal = 47EC911C1C015B24008B69C8 /* Project object */;
			proxyType = 1;
			remoteGlobalIDString = 47EC91231C015B24008B69C8;
			remoteInfo = AiDuiJiang;
		};
		47EC914C1C015B24008B69C8 /* PBXContainerItemProxy */ = {
			isa = PBXContainerItemProxy;
			containerPortal = 47EC911C1C015B24008B69C8 /* Project object */;
			proxyType = 1;
			remoteGlobalIDString = 47EC91231C015B24008B69C8;
			remoteInfo = AiDuiJiang;
		};
/* End PBXContainerItemProxy section */

/* Begin PBXFileReference section */
		402814A51C05B72500765D3F /* AudioToolbox.framework */ = {isa = PBXFileReference; lastKnownFileType = wrapper.framework; name = AudioToolbox.framework; path = System/Library/Frameworks/AudioToolbox.framework; sourceTree = SDKROOT; };
		402814A71C05B72F00765D3F /* AVFoundation.framework */ = {isa = PBXFileReference; lastKnownFileType = wrapper.framework; name = AVFoundation.framework; path = System/Library/Frameworks/AVFoundation.framework; sourceTree = SDKROOT; };
		402814A91C05B74100765D3F /* AddressBook.framework */ = {isa = PBXFileReference; lastKnownFileType = wrapper.framework; name = AddressBook.framework; path = System/Library/Frameworks/AddressBook.framework; sourceTree = SDKROOT; };
		402814AB1C05B8C200765D3F /* libz.1.dylib */ = {isa = PBXFileReference; lastKnownFileType = "compiled.mach-o.dylib"; name = libz.1.dylib; path = /usr/lib/libz.1.dylib; sourceTree = "<absolute>"; };
		402814AD1C05B8F000765D3F /* libstdc++.6.0.9.dylib */ = {isa = PBXFileReference; lastKnownFileType = "compiled.mach-o.dylib"; name = "libstdc++.6.0.9.dylib"; path = "/usr/lib/libstdc++.6.0.9.dylib"; sourceTree = "<absolute>"; };
		402814B01C05B9E500765D3F /* AMap.bundle */ = {isa = PBXFileReference; lastKnownFileType = "wrapper.plug-in"; path = AMap.bundle; sourceTree = "<group>"; };
		402814B21C05B9F900765D3F /* AMapNavi.bundle */ = {isa = PBXFileReference; lastKnownFileType = "wrapper.plug-in"; path = AMapNavi.bundle; sourceTree = "<group>"; };
		402814B71C05CDB900765D3F /* AMapNaviKit.framework */ = {isa = PBXFileReference; lastKnownFileType = wrapper.framework; name = AMapNaviKit.framework; path = sdk/AMapNaviKit.framework; sourceTree = "<group>"; };
		402814B81C05CDB900765D3F /* iflyMSC.framework */ = {isa = PBXFileReference; lastKnownFileType = wrapper.framework; name = iflyMSC.framework; path = sdk/iflyMSC.framework; sourceTree = "<group>"; };
		402814BB1C05CE0200765D3F /* AMap.bundle */ = {isa = PBXFileReference; lastKnownFileType = "wrapper.plug-in"; name = AMap.bundle; path = sdk/AMap.bundle; sourceTree = "<group>"; };
		402814BC1C05CE0200765D3F /* AMapNavi.bundle */ = {isa = PBXFileReference; lastKnownFileType = "wrapper.plug-in"; name = AMapNavi.bundle; path = sdk/AMapNavi.bundle; sourceTree = "<group>"; };
		4061225C1C191F0A00EFE9F2 /* ic_nav.png */ = {isa = PBXFileReference; lastKnownFileType = image.png; path = ic_nav.png; sourceTree = "<group>"; };
		4061225F1C1924F600EFE9F2 /* ChannelViewController.h */ = {isa = PBXFileReference; fileEncoding = 4; lastKnownFileType = sourcecode.c.h; path = ChannelViewController.h; sourceTree = "<group>"; };
		406122601C1924F600EFE9F2 /* ChannelViewController.m */ = {isa = PBXFileReference; fileEncoding = 4; lastKnownFileType = sourcecode.c.objc; path = ChannelViewController.m; sourceTree = "<group>"; };
		40A0F3D81C0BF914005E5FCD /* DrawerLayout.h */ = {isa = PBXFileReference; lastKnownFileType = sourcecode.c.h; path = DrawerLayout.h; sourceTree = "<group>"; };
		40A0F3D91C0BF922005E5FCD /* DrawerLayout.m */ = {isa = PBXFileReference; fileEncoding = 4; lastKnownFileType = sourcecode.c.objc; path = DrawerLayout.m; sourceTree = "<group>"; };
		40A0F3DE1C0BFE6E005E5FCD /* RouteViewController.h */ = {isa = PBXFileReference; fileEncoding = 4; lastKnownFileType = sourcecode.c.h; path = RouteViewController.h; sourceTree = "<group>"; };
		40A0F3DF1C0BFE6E005E5FCD /* RouteViewController.m */ = {isa = PBXFileReference; fileEncoding = 4; lastKnownFileType = sourcecode.c.objc; path = RouteViewController.m; sourceTree = "<group>"; };
		40A0F3E11C0C037E005E5FCD /* SharedMapView.h */ = {isa = PBXFileReference; fileEncoding = 4; lastKnownFileType = sourcecode.c.h; path = SharedMapView.h; sourceTree = "<group>"; };
		40A0F3E21C0C037E005E5FCD /* SharedMapView.m */ = {isa = PBXFileReference; fileEncoding = 4; lastKnownFileType = sourcecode.c.objc; path = SharedMapView.m; sourceTree = "<group>"; };
		40A0F3E41C0C2306005E5FCD /* NavPointAnnotation.h */ = {isa = PBXFileReference; fileEncoding = 4; lastKnownFileType = sourcecode.c.h; path = NavPointAnnotation.h; sourceTree = "<group>"; };
		40A0F3E51C0C2306005E5FCD /* NavPointAnnotation.m */ = {isa = PBXFileReference; fileEncoding = 4; lastKnownFileType = sourcecode.c.objc; path = NavPointAnnotation.m; sourceTree = "<group>"; };
		474B5C021C18161300E6770D /* DrawerContentConfig.h */ = {isa = PBXFileReference; fileEncoding = 4; lastKnownFileType = sourcecode.c.h; path = DrawerContentConfig.h; sourceTree = "<group>"; };
		474B5C031C18161300E6770D /* DrawerContentConfig.m */ = {isa = PBXFileReference; fileEncoding = 4; lastKnownFileType = sourcecode.c.objc; path = DrawerContentConfig.m; sourceTree = "<group>"; };
		474B5C051C18168200E6770D /* DrawerContent.xib */ = {isa = PBXFileReference; fileEncoding = 4; lastKnownFileType = file.xib; name = DrawerContent.xib; path = ../DrawerContent.xib; sourceTree = "<group>"; };
		474B5C071C181AEF00E6770D /* UIView+Extend.h */ = {isa = PBXFileReference; fileEncoding = 4; lastKnownFileType = sourcecode.c.h; path = "UIView+Extend.h"; sourceTree = "<group>"; };
		474B5C081C181AEF00E6770D /* UIView+Extend.m */ = {isa = PBXFileReference; fileEncoding = 4; lastKnownFileType = sourcecode.c.objc; path = "UIView+Extend.m"; sourceTree = "<group>"; };
		474B5C0C1C1824B200E6770D /* DrawerContentView.h */ = {isa = PBXFileReference; fileEncoding = 4; lastKnownFileType = sourcecode.c.h; path = DrawerContentView.h; sourceTree = "<group>"; };
		474B5C0D1C1824B200E6770D /* DrawerContentView.m */ = {isa = PBXFileReference; fileEncoding = 4; lastKnownFileType = sourcecode.c.objc; path = DrawerContentView.m; sourceTree = "<group>"; };
		47EC91241C015B24008B69C8 /* AiDuiJiang.app */ = {isa = PBXFileReference; explicitFileType = wrapper.application; includeInIndex = 0; path = AiDuiJiang.app; sourceTree = BUILT_PRODUCTS_DIR; };
		47EC91281C015B24008B69C8 /* main.m */ = {isa = PBXFileReference; lastKnownFileType = sourcecode.c.objc; path = main.m; sourceTree = "<group>"; };
		47EC912A1C015B24008B69C8 /* AppDelegate.h */ = {isa = PBXFileReference; lastKnownFileType = sourcecode.c.h; path = AppDelegate.h; sourceTree = "<group>"; };
		47EC912B1C015B24008B69C8 /* AppDelegate.m */ = {isa = PBXFileReference; lastKnownFileType = sourcecode.c.objc; path = AppDelegate.m; sourceTree = "<group>"; };
		47EC91311C015B24008B69C8 /* Base */ = {isa = PBXFileReference; lastKnownFileType = file.storyboard; name = Base; path = Base.lproj/Main.storyboard; sourceTree = "<group>"; };
		47EC91341C015B24008B69C8 /* AiDuiJiang.xcdatamodel */ = {isa = PBXFileReference; lastKnownFileType = wrapper.xcdatamodel; path = AiDuiJiang.xcdatamodel; sourceTree = "<group>"; };
		47EC91361C015B24008B69C8 /* Assets.xcassets */ = {isa = PBXFileReference; lastKnownFileType = folder.assetcatalog; path = Assets.xcassets; sourceTree = "<group>"; };
		47EC91391C015B24008B69C8 /* Base */ = {isa = PBXFileReference; lastKnownFileType = file.storyboard; name = Base; path = Base.lproj/LaunchScreen.storyboard; sourceTree = "<group>"; };
		47EC913B1C015B24008B69C8 /* Info.plist */ = {isa = PBXFileReference; lastKnownFileType = text.plist.xml; path = Info.plist; sourceTree = "<group>"; };
		47EC91401C015B24008B69C8 /* AiDuiJiangTests.xctest */ = {isa = PBXFileReference; explicitFileType = wrapper.cfbundle; includeInIndex = 0; path = AiDuiJiangTests.xctest; sourceTree = BUILT_PRODUCTS_DIR; };
		47EC91441C015B24008B69C8 /* AiDuiJiangTests.m */ = {isa = PBXFileReference; lastKnownFileType = sourcecode.c.objc; path = AiDuiJiangTests.m; sourceTree = "<group>"; };
		47EC91461C015B24008B69C8 /* Info.plist */ = {isa = PBXFileReference; lastKnownFileType = text.plist.xml; path = Info.plist; sourceTree = "<group>"; };
		47EC914B1C015B24008B69C8 /* AiDuiJiangUITests.xctest */ = {isa = PBXFileReference; explicitFileType = wrapper.cfbundle; includeInIndex = 0; path = AiDuiJiangUITests.xctest; sourceTree = BUILT_PRODUCTS_DIR; };
		47EC914F1C015B24008B69C8 /* AiDuiJiangUITests.m */ = {isa = PBXFileReference; lastKnownFileType = sourcecode.c.objc; path = AiDuiJiangUITests.m; sourceTree = "<group>"; };
		47EC91511C015B24008B69C8 /* Info.plist */ = {isa = PBXFileReference; lastKnownFileType = text.plist.xml; path = Info.plist; sourceTree = "<group>"; };
		47EC915D1C015DAB008B69C8 /* MainViewController.h */ = {isa = PBXFileReference; fileEncoding = 4; lastKnownFileType = sourcecode.c.h; path = MainViewController.h; sourceTree = "<group>"; };
		47EC915E1C015DAB008B69C8 /* MainViewController.m */ = {isa = PBXFileReference; fileEncoding = 4; lastKnownFileType = sourcecode.c.objc; path = MainViewController.m; sourceTree = "<group>"; };
/* End PBXFileReference section */

/* Begin PBXFrameworksBuildPhase section */
		47EC91211C015B24008B69C8 /* Frameworks */ = {
			isa = PBXFrameworksBuildPhase;
			buildActionMask = 2147483647;
			files = (
				402814B91C05CDB900765D3F /* AMapNaviKit.framework in Frameworks */,
				402814BA1C05CDB900765D3F /* iflyMSC.framework in Frameworks */,
				402814AE1C05B8F000765D3F /* libstdc++.6.0.9.dylib in Frameworks */,
				402814AC1C05B8C200765D3F /* libz.1.dylib in Frameworks */,
				402814AA1C05B74100765D3F /* AddressBook.framework in Frameworks */,
				402814A81C05B72F00765D3F /* AVFoundation.framework in Frameworks */,
				402814A61C05B72500765D3F /* AudioToolbox.framework in Frameworks */,
			);
			runOnlyForDeploymentPostprocessing = 0;
		};
		47EC913D1C015B24008B69C8 /* Frameworks */ = {
			isa = PBXFrameworksBuildPhase;
			buildActionMask = 2147483647;
			files = (
			);
			runOnlyForDeploymentPostprocessing = 0;
		};
		47EC91481C015B24008B69C8 /* Frameworks */ = {
			isa = PBXFrameworksBuildPhase;
			buildActionMask = 2147483647;
			files = (
			);
			runOnlyForDeploymentPostprocessing = 0;
		};
/* End PBXFrameworksBuildPhase section */

/* Begin PBXGroup section */
		4061225B1C191EFC00EFE9F2 /* images */ = {
			isa = PBXGroup;
			children = (
				4061225C1C191F0A00EFE9F2 /* ic_nav.png */,
			);
			name = images;
			sourceTree = "<group>";
		};
		4061225E1C1924CC00EFE9F2 /* channel */ = {
			isa = PBXGroup;
			children = (
				4061225F1C1924F600EFE9F2 /* ChannelViewController.h */,
				406122601C1924F600EFE9F2 /* ChannelViewController.m */,
			);
			name = channel;
			sourceTree = "<group>";
		};
		40A0F3DB1C0BFCCF005E5FCD /* navi */ = {
			isa = PBXGroup;
			children = (
				40A0F3DE1C0BFE6E005E5FCD /* RouteViewController.h */,
				40A0F3DF1C0BFE6E005E5FCD /* RouteViewController.m */,
				40A0F3E11C0C037E005E5FCD /* SharedMapView.h */,
				40A0F3E21C0C037E005E5FCD /* SharedMapView.m */,
				40A0F3E41C0C2306005E5FCD /* NavPointAnnotation.h */,
				40A0F3E51C0C2306005E5FCD /* NavPointAnnotation.m */,
			);
			name = navi;
			sourceTree = "<group>";
		};
		47EC911B1C015B24008B69C8 = {
			isa = PBXGroup;
			children = (
				402814BB1C05CE0200765D3F /* AMap.bundle */,
				402814BC1C05CE0200765D3F /* AMapNavi.bundle */,
				402814B71C05CDB900765D3F /* AMapNaviKit.framework */,
				402814B81C05CDB900765D3F /* iflyMSC.framework */,
				402814AD1C05B8F000765D3F /* libstdc++.6.0.9.dylib */,
				402814AB1C05B8C200765D3F /* libz.1.dylib */,
				402814A91C05B74100765D3F /* AddressBook.framework */,
				402814A71C05B72F00765D3F /* AVFoundation.framework */,
				402814A51C05B72500765D3F /* AudioToolbox.framework */,
				402814B21C05B9F900765D3F /* AMapNavi.bundle */,
				402814B01C05B9E500765D3F /* AMap.bundle */,
				47EC91261C015B24008B69C8 /* AiDuiJiang */,
				47EC91431C015B24008B69C8 /* AiDuiJiangTests */,
				47EC914E1C015B24008B69C8 /* AiDuiJiangUITests */,
				47EC91251C015B24008B69C8 /* Products */,
			);
			sourceTree = "<group>";
		};
		47EC91251C015B24008B69C8 /* Products */ = {
			isa = PBXGroup;
			children = (
				47EC91241C015B24008B69C8 /* AiDuiJiang.app */,
				47EC91401C015B24008B69C8 /* AiDuiJiangTests.xctest */,
				47EC914B1C015B24008B69C8 /* AiDuiJiangUITests.xctest */,
			);
			name = Products;
			sourceTree = "<group>";
		};
		47EC91261C015B24008B69C8 /* AiDuiJiang */ = {
			isa = PBXGroup;
			children = (
				4061225E1C1924CC00EFE9F2 /* channel */,
				4061225B1C191EFC00EFE9F2 /* images */,
				474B5C051C18168200E6770D /* DrawerContent.xib */,
				40A0F3DB1C0BFCCF005E5FCD /* navi */,
				40A0F3D91C0BF922005E5FCD /* DrawerLayout.m */,
				474B5C021C18161300E6770D /* DrawerContentConfig.h */,
				474B5C031C18161300E6770D /* DrawerContentConfig.m */,
				474B5C071C181AEF00E6770D /* UIView+Extend.h */,
				474B5C081C181AEF00E6770D /* UIView+Extend.m */,
				40A0F3D81C0BF914005E5FCD /* DrawerLayout.h */,
				47EC912A1C015B24008B69C8 /* AppDelegate.h */,
				474B5C0C1C1824B200E6770D /* DrawerContentView.h */,
				474B5C0D1C1824B200E6770D /* DrawerContentView.m */,
				47EC912B1C015B24008B69C8 /* AppDelegate.m */,
				47EC915D1C015DAB008B69C8 /* MainViewController.h */,
				47EC915E1C015DAB008B69C8 /* MainViewController.m */,
				47EC91301C015B24008B69C8 /* Main.storyboard */,
				47EC91361C015B24008B69C8 /* Assets.xcassets */,
				47EC91381C015B24008B69C8 /* LaunchScreen.storyboard */,
				47EC913B1C015B24008B69C8 /* Info.plist */,
				47EC91331C015B24008B69C8 /* AiDuiJiang.xcdatamodeld */,
				47EC91271C015B24008B69C8 /* Supporting Files */,
			);
			path = AiDuiJiang;
			sourceTree = "<group>";
		};
		47EC91271C015B24008B69C8 /* Supporting Files */ = {
			isa = PBXGroup;
			children = (
				47EC91281C015B24008B69C8 /* main.m */,
			);
			name = "Supporting Files";
			sourceTree = "<group>";
		};
		47EC91431C015B24008B69C8 /* AiDuiJiangTests */ = {
			isa = PBXGroup;
			children = (
				47EC91441C015B24008B69C8 /* AiDuiJiangTests.m */,
				47EC91461C015B24008B69C8 /* Info.plist */,
			);
			path = AiDuiJiangTests;
			sourceTree = "<group>";
		};
		47EC914E1C015B24008B69C8 /* AiDuiJiangUITests */ = {
			isa = PBXGroup;
			children = (
				47EC914F1C015B24008B69C8 /* AiDuiJiangUITests.m */,
				47EC91511C015B24008B69C8 /* Info.plist */,
			);
			path = AiDuiJiangUITests;
			sourceTree = "<group>";
		};
/* End PBXGroup section */

/* Begin PBXNativeTarget section */
		47EC91231C015B24008B69C8 /* AiDuiJiang */ = {
			isa = PBXNativeTarget;
			buildConfigurationList = 47EC91541C015B24008B69C8 /* Build configuration list for PBXNativeTarget "AiDuiJiang" */;
			buildPhases = (
				47EC91201C015B24008B69C8 /* Sources */,
				47EC91211C015B24008B69C8 /* Frameworks */,
				47EC91221C015B24008B69C8 /* Resources */,
			);
			buildRules = (
			);
			dependencies = (
			);
			name = AiDuiJiang;
			productName = AiDuiJiang;
			productReference = 47EC91241C015B24008B69C8 /* AiDuiJiang.app */;
			productType = "com.apple.product-type.application";
		};
		47EC913F1C015B24008B69C8 /* AiDuiJiangTests */ = {
			isa = PBXNativeTarget;
			buildConfigurationList = 47EC91571C015B24008B69C8 /* Build configuration list for PBXNativeTarget "AiDuiJiangTests" */;
			buildPhases = (
				47EC913C1C015B24008B69C8 /* Sources */,
				47EC913D1C015B24008B69C8 /* Frameworks */,
				47EC913E1C015B24008B69C8 /* Resources */,
			);
			buildRules = (
			);
			dependencies = (
				47EC91421C015B24008B69C8 /* PBXTargetDependency */,
			);
			name = AiDuiJiangTests;
			productName = AiDuiJiangTests;
			productReference = 47EC91401C015B24008B69C8 /* AiDuiJiangTests.xctest */;
			productType = "com.apple.product-type.bundle.unit-test";
		};
		47EC914A1C015B24008B69C8 /* AiDuiJiangUITests */ = {
			isa = PBXNativeTarget;
			buildConfigurationList = 47EC915A1C015B24008B69C8 /* Build configuration list for PBXNativeTarget "AiDuiJiangUITests" */;
			buildPhases = (
				47EC91471C015B24008B69C8 /* Sources */,
				47EC91481C015B24008B69C8 /* Frameworks */,
				47EC91491C015B24008B69C8 /* Resources */,
			);
			buildRules = (
			);
			dependencies = (
				47EC914D1C015B24008B69C8 /* PBXTargetDependency */,
			);
			name = AiDuiJiangUITests;
			productName = AiDuiJiangUITests;
			productReference = 47EC914B1C015B24008B69C8 /* AiDuiJiangUITests.xctest */;
			productType = "com.apple.product-type.bundle.ui-testing";
		};
/* End PBXNativeTarget section */

/* Begin PBXProject section */
		47EC911C1C015B24008B69C8 /* Project object */ = {
			isa = PBXProject;
			attributes = {
				LastUpgradeCheck = 0710;
				ORGANIZATIONNAME = liu;
				TargetAttributes = {
					47EC91231C015B24008B69C8 = {
						CreatedOnToolsVersion = 7.1.1;
						DevelopmentTeam = 9N63S77977;
					};
					47EC913F1C015B24008B69C8 = {
						CreatedOnToolsVersion = 7.1.1;
						TestTargetID = 47EC91231C015B24008B69C8;
					};
					47EC914A1C015B24008B69C8 = {
						CreatedOnToolsVersion = 7.1.1;
						TestTargetID = 47EC91231C015B24008B69C8;
					};
				};
			};
			buildConfigurationList = 47EC911F1C015B24008B69C8 /* Build configuration list for PBXProject "AiDuiJiang" */;
			compatibilityVersion = "Xcode 3.2";
			developmentRegion = English;
			hasScannedForEncodings = 0;
			knownRegions = (
				en,
				Base,
			);
			mainGroup = 47EC911B1C015B24008B69C8;
			productRefGroup = 47EC91251C015B24008B69C8 /* Products */;
			projectDirPath = "";
			projectRoot = "";
			targets = (
				47EC91231C015B24008B69C8 /* AiDuiJiang */,
				47EC913F1C015B24008B69C8 /* AiDuiJiangTests */,
				47EC914A1C015B24008B69C8 /* AiDuiJiangUITests */,
			);
		};
/* End PBXProject section */

/* Begin PBXResourcesBuildPhase section */
		47EC91221C015B24008B69C8 /* Resources */ = {
			isa = PBXResourcesBuildPhase;
			buildActionMask = 2147483647;
			files = (
				402814BD1C05CE0200765D3F /* AMap.bundle in Resources */,
				402814BE1C05CE0200765D3F /* AMapNavi.bundle in Resources */,
				4061225D1C191F0A00EFE9F2 /* ic_nav.png in Resources */,
				47EC913A1C015B24008B69C8 /* LaunchScreen.storyboard in Resources */,
				47EC91371C015B24008B69C8 /* Assets.xcassets in Resources */,
				474B5C061C18168200E6770D /* DrawerContent.xib in Resources */,
				47EC91321C015B24008B69C8 /* Main.storyboard in Resources */,
			);
			runOnlyForDeploymentPostprocessing = 0;
		};
		47EC913E1C015B24008B69C8 /* Resources */ = {
			isa = PBXResourcesBuildPhase;
			buildActionMask = 2147483647;
			files = (
			);
			runOnlyForDeploymentPostprocessing = 0;
		};
		47EC91491C015B24008B69C8 /* Resources */ = {
			isa = PBXResourcesBuildPhase;
			buildActionMask = 2147483647;
			files = (
			);
			runOnlyForDeploymentPostprocessing = 0;
		};
/* End PBXResourcesBuildPhase section */

/* Begin PBXSourcesBuildPhase section */
		47EC91201C015B24008B69C8 /* Sources */ = {
			isa = PBXSourcesBuildPhase;
			buildActionMask = 2147483647;
			files = (
				474B5C041C18161300E6770D /* DrawerContentConfig.m in Sources */,
				47EC91351C015B24008B69C8 /* AiDuiJiang.xcdatamodeld in Sources */,
				40A0F3E61C0C2306005E5FCD /* NavPointAnnotation.m in Sources */,
				47EC912C1C015B24008B69C8 /* AppDelegate.m in Sources */,
				474B5C0E1C1824B200E6770D /* DrawerContentView.m in Sources */,
				40A0F3E01C0BFE6E005E5FCD /* RouteViewController.m in Sources */,
				406122611C1924F600EFE9F2 /* ChannelViewController.m in Sources */,
				47EC91291C015B24008B69C8 /* main.m in Sources */,
				474B5C091C181AEF00E6770D /* UIView+Extend.m in Sources */,
				40A0F3DA1C0BF922005E5FCD /* DrawerLayout.m in Sources */,
				40A0F3E31C0C037E005E5FCD /* SharedMapView.m in Sources */,
				47EC915F1C015DAB008B69C8 /* MainViewController.m in Sources */,
			);
			runOnlyForDeploymentPostprocessing = 0;
		};
		47EC913C1C015B24008B69C8 /* Sources */ = {
			isa = PBXSourcesBuildPhase;
			buildActionMask = 2147483647;
			files = (
				47EC91451C015B24008B69C8 /* AiDuiJiangTests.m in Sources */,
			);
			runOnlyForDeploymentPostprocessing = 0;
		};
		47EC91471C015B24008B69C8 /* Sources */ = {
			isa = PBXSourcesBuildPhase;
			buildActionMask = 2147483647;
			files = (
				47EC91501C015B24008B69C8 /* AiDuiJiangUITests.m in Sources */,
			);
			runOnlyForDeploymentPostprocessing = 0;
		};
/* End PBXSourcesBuildPhase section */

/* Begin PBXTargetDependency section */
		47EC91421C015B24008B69C8 /* PBXTargetDependency */ = {
			isa = PBXTargetDependency;
			target = 47EC91231C015B24008B69C8 /* AiDuiJiang */;
			targetProxy = 47EC91411C015B24008B69C8 /* PBXContainerItemProxy */;
		};
		47EC914D1C015B24008B69C8 /* PBXTargetDependency */ = {
			isa = PBXTargetDependency;
			target = 47EC91231C015B24008B69C8 /* AiDuiJiang */;
			targetProxy = 47EC914C1C015B24008B69C8 /* PBXContainerItemProxy */;
		};
/* End PBXTargetDependency section */

/* Begin PBXVariantGroup section */
		47EC91301C015B24008B69C8 /* Main.storyboard */ = {
			isa = PBXVariantGroup;
			children = (
				47EC91311C015B24008B69C8 /* Base */,
			);
			name = Main.storyboard;
			sourceTree = "<group>";
		};
		47EC91381C015B24008B69C8 /* LaunchScreen.storyboard */ = {
			isa = PBXVariantGroup;
			children = (
				47EC91391C015B24008B69C8 /* Base */,
			);
			name = LaunchScreen.storyboard;
			sourceTree = "<group>";
		};
/* End PBXVariantGroup section */

/* Begin XCBuildConfiguration section */
		47EC91521C015B24008B69C8 /* Debug */ = {
			isa = XCBuildConfiguration;
			buildSettings = {
				ALWAYS_SEARCH_USER_PATHS = NO;
				CLANG_CXX_LANGUAGE_STANDARD = "gnu++0x";
				CLANG_CXX_LIBRARY = "libc++";
				CLANG_ENABLE_MODULES = YES;
				CLANG_ENABLE_OBJC_ARC = YES;
				CLANG_WARN_BOOL_CONVERSION = YES;
				CLANG_WARN_CONSTANT_CONVERSION = YES;
				CLANG_WARN_DIRECT_OBJC_ISA_USAGE = YES_ERROR;
				CLANG_WARN_EMPTY_BODY = YES;
				CLANG_WARN_ENUM_CONVERSION = YES;
				CLANG_WARN_INT_CONVERSION = YES;
				CLANG_WARN_OBJC_ROOT_CLASS = YES_ERROR;
				CLANG_WARN_UNREACHABLE_CODE = YES;
				CLANG_WARN__DUPLICATE_METHOD_MATCH = YES;
				"CODE_SIGN_IDENTITY[sdk=iphoneos*]" = "iPhone Developer";
				COPY_PHASE_STRIP = NO;
				DEBUG_INFORMATION_FORMAT = dwarf;
				ENABLE_STRICT_OBJC_MSGSEND = YES;
				ENABLE_TESTABILITY = YES;
				GCC_C_LANGUAGE_STANDARD = gnu99;
				GCC_DYNAMIC_NO_PIC = NO;
				GCC_NO_COMMON_BLOCKS = YES;
				GCC_OPTIMIZATION_LEVEL = 0;
				GCC_PREPROCESSOR_DEFINITIONS = (
					"DEBUG=1",
					"$(inherited)",
				);
				GCC_WARN_64_TO_32_BIT_CONVERSION = YES;
				GCC_WARN_ABOUT_RETURN_TYPE = YES_ERROR;
				GCC_WARN_UNDECLARED_SELECTOR = YES;
				GCC_WARN_UNINITIALIZED_AUTOS = YES_AGGRESSIVE;
				GCC_WARN_UNUSED_FUNCTION = YES;
				GCC_WARN_UNUSED_VARIABLE = YES;
				IPHONEOS_DEPLOYMENT_TARGET = 9.1;
				MTL_ENABLE_DEBUG_INFO = YES;
				ONLY_ACTIVE_ARCH = YES;
				SDKROOT = iphoneos;
			};
			name = Debug;
		};
		47EC91531C015B24008B69C8 /* Release */ = {
			isa = XCBuildConfiguration;
			buildSettings = {
				ALWAYS_SEARCH_USER_PATHS = NO;
				CLANG_CXX_LANGUAGE_STANDARD = "gnu++0x";
				CLANG_CXX_LIBRARY = "libc++";
				CLANG_ENABLE_MODULES = YES;
				CLANG_ENABLE_OBJC_ARC = YES;
				CLANG_WARN_BOOL_CONVERSION = YES;
				CLANG_WARN_CONSTANT_CONVERSION = YES;
				CLANG_WARN_DIRECT_OBJC_ISA_USAGE = YES_ERROR;
				CLANG_WARN_EMPTY_BODY = YES;
				CLANG_WARN_ENUM_CONVERSION = YES;
				CLANG_WARN_INT_CONVERSION = YES;
				CLANG_WARN_OBJC_ROOT_CLASS = YES_ERROR;
				CLANG_WARN_UNREACHABLE_CODE = YES;
				CLANG_WARN__DUPLICATE_METHOD_MATCH = YES;
				"CODE_SIGN_IDENTITY[sdk=iphoneos*]" = "iPhone Developer";
				COPY_PHASE_STRIP = NO;
				DEBUG_INFORMATION_FORMAT = "dwarf-with-dsym";
				ENABLE_NS_ASSERTIONS = NO;
				ENABLE_STRICT_OBJC_MSGSEND = YES;
				GCC_C_LANGUAGE_STANDARD = gnu99;
				GCC_NO_COMMON_BLOCKS = YES;
				GCC_WARN_64_TO_32_BIT_CONVERSION = YES;
				GCC_WARN_ABOUT_RETURN_TYPE = YES_ERROR;
				GCC_WARN_UNDECLARED_SELECTOR = YES;
				GCC_WARN_UNINITIALIZED_AUTOS = YES_AGGRESSIVE;
				GCC_WARN_UNUSED_FUNCTION = YES;
				GCC_WARN_UNUSED_VARIABLE = YES;
				IPHONEOS_DEPLOYMENT_TARGET = 9.1;
				MTL_ENABLE_DEBUG_INFO = NO;
				SDKROOT = iphoneos;
				VALIDATE_PRODUCT = YES;
			};
			name = Release;
		};
		47EC91551C015B24008B69C8 /* Debug */ = {
			isa = XCBuildConfiguration;
			buildSettings = {
				ASSETCATALOG_COMPILER_APPICON_NAME = AppIcon;
				CODE_SIGN_IDENTITY = "iPhone Developer";
				"CODE_SIGN_IDENTITY[sdk=iphoneos*]" = "iPhone Developer";
				FRAMEWORK_SEARCH_PATHS = "$(PROJECT_DIR)/sdk";
				INFOPLIST_FILE = AiDuiJiang/Info.plist;
				IPHONEOS_DEPLOYMENT_TARGET = 8.0;
				LD_RUNPATH_SEARCH_PATHS = "$(inherited) @executable_path/Frameworks";
				OTHER_LDFLAGS = "-ObjC";
				PRODUCT_BUNDLE_IDENTIFIER = liu.AiDuiJiang;
				PRODUCT_NAME = "$(TARGET_NAME)";
				PROVISIONING_PROFILE = "";
				TARGETED_DEVICE_FAMILY = 1;
			};
			name = Debug;
		};
		47EC91561C015B24008B69C8 /* Release */ = {
			isa = XCBuildConfiguration;
			buildSettings = {
				ASSETCATALOG_COMPILER_APPICON_NAME = AppIcon;
				CODE_SIGN_IDENTITY = "iPhone Developer";
				"CODE_SIGN_IDENTITY[sdk=iphoneos*]" = "iPhone Developer";
				FRAMEWORK_SEARCH_PATHS = "$(PROJECT_DIR)/sdk";
				INFOPLIST_FILE = AiDuiJiang/Info.plist;
				IPHONEOS_DEPLOYMENT_TARGET = 8.0;
				LD_RUNPATH_SEARCH_PATHS = "$(inherited) @executable_path/Frameworks";
				OTHER_LDFLAGS = "-ObjC";
				PRODUCT_BUNDLE_IDENTIFIER = liu.AiDuiJiang;
				PRODUCT_NAME = "$(TARGET_NAME)";
				PROVISIONING_PROFILE = "";
				TARGETED_DEVICE_FAMILY = 1;
			};
			name = Release;
		};
		47EC91581C015B24008B69C8 /* Debug */ = {
			isa = XCBuildConfiguration;
			buildSettings = {
				BUNDLE_LOADER = "$(TEST_HOST)";
				INFOPLIST_FILE = AiDuiJiangTests/Info.plist;
				LD_RUNPATH_SEARCH_PATHS = "$(inherited) @executable_path/Frameworks @loader_path/Frameworks";
				PRODUCT_BUNDLE_IDENTIFIER = liu.AiDuiJiangTests;
				PRODUCT_NAME = "$(TARGET_NAME)";
				TEST_HOST = "$(BUILT_PRODUCTS_DIR)/AiDuiJiang.app/AiDuiJiang";
			};
			name = Debug;
		};
		47EC91591C015B24008B69C8 /* Release */ = {
			isa = XCBuildConfiguration;
			buildSettings = {
				BUNDLE_LOADER = "$(TEST_HOST)";
				INFOPLIST_FILE = AiDuiJiangTests/Info.plist;
				LD_RUNPATH_SEARCH_PATHS = "$(inherited) @executable_path/Frameworks @loader_path/Frameworks";
				PRODUCT_BUNDLE_IDENTIFIER = liu.AiDuiJiangTests;
				PRODUCT_NAME = "$(TARGET_NAME)";
				TEST_HOST = "$(BUILT_PRODUCTS_DIR)/AiDuiJiang.app/AiDuiJiang";
			};
			name = Release;
		};
		47EC915B1C015B24008B69C8 /* Debug */ = {
			isa = XCBuildConfiguration;
			buildSettings = {
				INFOPLIST_FILE = AiDuiJiangUITests/Info.plist;
				LD_RUNPATH_SEARCH_PATHS = "$(inherited) @executable_path/Frameworks @loader_path/Frameworks";
				PRODUCT_BUNDLE_IDENTIFIER = liu.AiDuiJiangUITests;
				PRODUCT_NAME = "$(TARGET_NAME)";
				TEST_TARGET_NAME = AiDuiJiang;
				USES_XCTRUNNER = YES;
			};
			name = Debug;
		};
		47EC915C1C015B24008B69C8 /* Release */ = {
			isa = XCBuildConfiguration;
			buildSettings = {
				INFOPLIST_FILE = AiDuiJiangUITests/Info.plist;
				LD_RUNPATH_SEARCH_PATHS = "$(inherited) @executable_path/Frameworks @loader_path/Frameworks";
				PRODUCT_BUNDLE_IDENTIFIER = liu.AiDuiJiangUITests;
				PRODUCT_NAME = "$(TARGET_NAME)";
				TEST_TARGET_NAME = AiDuiJiang;
				USES_XCTRUNNER = YES;
			};
			name = Release;
		};
/* End XCBuildConfiguration section */

/* Begin XCConfigurationList section */
		47EC911F1C015B24008B69C8 /* Build configuration list for PBXProject "AiDuiJiang" */ = {
			isa = XCConfigurationList;
			buildConfigurations = (
				47EC91521C015B24008B69C8 /* Debug */,
				47EC91531C015B24008B69C8 /* Release */,
			);
			defaultConfigurationIsVisible = 0;
			defaultConfigurationName = Release;
		};
		47EC91541C015B24008B69C8 /* Build configuration list for PBXNativeTarget "AiDuiJiang" */ = {
			isa = XCConfigurationList;
			buildConfigurations = (
				47EC91551C015B24008B69C8 /* Debug */,
				47EC91561C015B24008B69C8 /* Release */,
			);
			defaultConfigurationIsVisible = 0;
			defaultConfigurationName = Release;
		};
		47EC91571C015B24008B69C8 /* Build configuration list for PBXNativeTarget "AiDuiJiangTests" */ = {
			isa = XCConfigurationList;
			buildConfigurations = (
				47EC91581C015B24008B69C8 /* Debug */,
				47EC91591C015B24008B69C8 /* Release */,
			);
			defaultConfigurationIsVisible = 0;
			defaultConfigurationName = Release;
		};
		47EC915A1C015B24008B69C8 /* Build configuration list for PBXNativeTarget "AiDuiJiangUITests" */ = {
			isa = XCConfigurationList;
			buildConfigurations = (
				47EC915B1C015B24008B69C8 /* Debug */,
				47EC915C1C015B24008B69C8 /* Release */,
			);
			defaultConfigurationIsVisible = 0;
			defaultConfigurationName = Release;
		};
/* End XCConfigurationList section */

/* Begin XCVersionGroup section */
		47EC91331C015B24008B69C8 /* AiDuiJiang.xcdatamodeld */ = {
			isa = XCVersionGroup;
			children = (
				47EC91341C015B24008B69C8 /* AiDuiJiang.xcdatamodel */,
			);
			currentVersion = 47EC91341C015B24008B69C8 /* AiDuiJiang.xcdatamodel */;
			path = AiDuiJiang.xcdatamodeld;
			sourceTree = "<group>";
			versionGroupType = wrapper.xcdatamodel;
		};
/* End XCVersionGroup section */
	};
	rootObject = 47EC911C1C015B24008B69C8 /* Project object */;
}
